
Microsoft Visual Studio Solution File, Format Version 12.00
# Visual Studio 2013
VisualStudioVersion = 12.0.21005.1
MinimumVisualStudioVersion = 10.0.40219.1
Project("{8BC9CEB8-8B4A-11D0-8D11-00A0C91BC942}") = "HomeworkReferences", "Labwork01\Labwork01.vcxproj", "{4C561439-4ED0-44AD-BCD2-0110892D3CC5}"
EndProject
Project("{8BC9CEB8-8B4A-11D0-8D11-00A0C91BC942}") = "HomeworkStructs", "HomeworkStructs\HomeworkStructs.vcxproj", "{7AE05480-7F90-443F-8DB4-8A81022A0108}"
EndProject
Project("{8BC9CEB8-8B4A-11D0-8D11-00A0C91BC942}") = "HomeworkPointers+Freestore", "HomeworkPointers+Freestore\HomeworkPointers+Freestore.vcxproj", "{4397736F-8A48-4327-B79E-4ACA16943E70}"
EndProject
Global
	GlobalSection(SolutionConfigurationPlatforms) = preSolution
		Debug|Win32 = Debug|Win32
		Release|Win32 = Release|Win32
	EndGlobalSection
	GlobalSection(ProjectConfigurationPlatforms) = postSolution
		{4C561439-4ED0-44AD-BCD2-0110892D3CC5}.Debug|Win32.ActiveCfg = Debug|Win32
		{4C561439-4ED0-44AD-BCD2-0110892D3CC5}.Debug|Win32.Build.0 = Debug|Win32
		{4C561439-4ED0-44AD-BCD2-0110892D3CC5}.Release|Win32.ActiveCfg = Release|Win32
		{4C561439-4ED0-44AD-BCD2-0110892D3CC5}.Release|Win32.Build.0 = Release|Win32
		{7AE05480-7F90-443F-8DB4-8A81022A0108}.Debug|Win32.ActiveCfg = Debug|Win32
		{7AE05480-7F90-443F-8DB4-8A81022A0108}.Debug|Win32.Build.0 = Debug|Win32
		{7AE05480-7F90-443F-8DB4-8A81022A0108}.Release|Win32.ActiveCfg = Release|Win32
		{7AE05480-7F90-443F-8DB4-8A81022A0108}.Release|Win32.Build.0 = Release|Win32
		{4397736F-8A48-4327-B79E-4ACA16943E70}.Debug|Win32.ActiveCfg = Debug|Win32
		{4397736F-8A48-4327-B79E-4ACA16943E70}.Debug|Win32.Build.0 = Debug|Win32
		{4397736F-8A48-4327-B79E-4ACA16943E70}.Release|Win32.ActiveCfg = Release|Win32
		{4397736F-8A48-4327-B79E-4ACA16943E70}.Release|Win32.Build.0 = Release|Win32
	EndGlobalSection
	GlobalSection(SolutionProperties) = preSolution
		HideSolutionNode = FALSE
	EndGlobalSection
EndGlobal
